{
  "name": "markdown-to-slack-blocks-tool",
  "lockfileVersion": 2,
  "requires": true,
  "packages": {
    "": {
      "dependencies": {
        "@tryfabric/mack": "^1.2.1"
      }
    },
    "node_modules/@slack/types": {
      "version": "2.8.0",
      "resolved": "https://registry.npmjs.org/@slack/types/-/types-2.8.0.tgz",
      "integrity": "sha512-ghdfZSF0b4NC9ckBA8QnQgC9DJw2ZceDq0BIjjRSv6XAZBXJdWgxIsYz0TYnWSiqsKZGH2ZXbj9jYABZdH3OSQ==",
      "engines": {
        "node": ">= 12.13.0",
        "npm": ">= 6.12.0"
      }
    },
    "node_modules/@tryfabric/mack": {
      "version": "1.2.1",
      "resolved": "https://registry.npmjs.org/@tryfabric/mack/-/mack-1.2.1.tgz",
      "integrity": "sha512-qQKj3l4x/7fWPHyk3zO3hPK2NUTH8AINJnVbdBYforWpm+6RDzp22gFIE66BJd2z7EFmt7F9aUOyZTKwmxiXrA==",
      "dependencies": {
        "@slack/types": "^2.1.0",
        "fast-xml-parser": "^4.0.6",
        "marked": "^4.0.12"
      }
    },
    "node_modules/fast-xml-parser": {
      "version": "4.2.4",
      "resolved": "https://registry.npmjs.org/fast-xml-parser/-/fast-xml-parser-4.2.4.tgz",
      "integrity": "sha512-fbfMDvgBNIdDJLdLOwacjFAPYt67tr31H9ZhWSm45CDAxvd0I6WTlSOUo7K2P/K5sA5JgMKG64PI3DMcaFdWpQ==",
      "funding": [
        {
          "type": "paypal",
          "url": "https://paypal.me/naturalintelligence"
        },
        {
          "type": "github",
          "url": "https://github.com/sponsors/NaturalIntelligence"
        }
      ],
      "dependencies": {
        "strnum": "^1.0.5"
      },
      "bin": {
        "fxparser": "src/cli/cli.js"
      }
    },
    "node_modules/marked": {
      "version": "4.3.0",
      "resolved": "https://registry.npmjs.org/marked/-/marked-4.3.0.tgz",
      "integrity": "sha512-PRsaiG84bK+AMvxziE/lCFss8juXjNaWzVbN5tXAm4XjeaS9NAHhop+PjQxz2A9h8Q4M/xGmzP8vqNwy6JeK0A==",
      "bin": {
        "marked": "bin/marked.js"
      },
      "engines": {
        "node": ">= 12"
      }
    },
    "node_modules/strnum": {
      "version": "1.0.5",
      "resolved": "https://registry.npmjs.org/strnum/-/strnum-1.0.5.tgz",
      "integrity": "sha512-J8bbNyKKXl5qYcR36TIO8W3mVGVHrmmxsd5PAItGkmyzwJvybiw2IVq5nqd0i4LSNSkB/sx9VHllbfFdr9k1JA=="
    }
  },
  "dependencies": {
    "@slack/types": {
      "version": "2.8.0",
      "resolved": "https://registry.npmjs.org/@slack/types/-/types-2.8.0.tgz",
      "integrity": "sha512-ghdfZSF0b4NC9ckBA8QnQgC9DJw2ZceDq0BIjjRSv6XAZBXJdWgxIsYz0TYnWSiqsKZGH2ZXbj9jYABZdH3OSQ=="
    },
    "@tryfabric/mack": {
      "version": "1.2.1",
      "resolved": "https://registry.npmjs.org/@tryfabric/mack/-/mack-1.2.1.tgz",
      "integrity": "sha512-qQKj3l4x/7fWPHyk3zO3hPK2NUTH8AINJnVbdBYforWpm+6RDzp22gFIE66BJd2z7EFmt7F9aUOyZTKwmxiXrA==",
      "requires": {
        "@slack/types": "^2.1.0",
        "fast-xml-parser": "^4.0.6",
        "marked": "^4.0.12"
      }
    },
    "fast-xml-parser": {
      "version": "4.2.4",
      "resolved": "https://registry.npmjs.org/fast-xml-parser/-/fast-xml-parser-4.2.4.tgz",
      "integrity": "sha512-fbfMDvgBNIdDJLdLOwacjFAPYt67tr31H9ZhWSm45CDAxvd0I6WTlSOUo7K2P/K5sA5JgMKG64PI3DMcaFdWpQ==",
      "requires": {
        "strnum": "^1.0.5"
      }
    },
    "marked": {
      "version": "4.3.0",
      "resolved": "https://registry.npmjs.org/marked/-/marked-4.3.0.tgz",
      "integrity": "sha512-PRsaiG84bK+AMvxziE/lCFss8juXjNaWzVbN5tXAm4XjeaS9NAHhop+PjQxz2A9h8Q4M/xGmzP8vqNwy6JeK0A=="
    },
    "strnum": {
      "version": "1.0.5",
      "resolved": "https://registry.npmjs.org/strnum/-/strnum-1.0.5.tgz",
      "integrity": "sha512-J8bbNyKKXl5qYcR36TIO8W3mVGVHrmmxsd5PAItGkmyzwJvybiw2IVq5nqd0i4LSNSkB/sx9VHllbfFdr9k1JA=="
    }
  }
}
